<?xml version="1.0" encoding="UTF-8" standalone="yes" ?>
<CodeBlocks_project_file>
	<FileVersion major="1" minor="6" />
	<Project>
		<Option title="cbvcs" />
		<Option pch_mode="2" />
		<Option compiler="gcc" />
		<Build>
			<Target title="default">
				<Option output="cbvcs" prefix_auto="1" extension_auto="1" />
				<Option type="3" />
				<Option compiler="gcc" />
				<Option host_application="codeblocks" />
				<Compiler>
					<Add option="`pkg-config --cflags codeblocks`" />
					<Add option="`wx-config --cflags`" />
					<Add option="-g" />
				</Compiler>
				<Linker>
					<Add option="`pkg-config --libs codeblocks`" />
					<Add option="`wx-config --libs`" />
				</Linker>
				<ExtraCommands>
					<Add after="zip -j9 cbvcs.zip manifest.xml" />
					<Add after="zip -j9 cbvcs.cbplugin cbvcs.so cbvcs.zip" />
				</ExtraCommands>
			</Target>
		</Build>
		<Unit filename="CommitMsgDialog.cpp" />
		<Unit filename="CommitMsgDialog.h" />
		<Unit filename="IVersionControlSystem.cpp" />
		<Unit filename="IVersionControlSystem.h" />
		<Unit filename="NOTES" />
		<Unit filename="VcsFileItem.cpp" />
		<Unit filename="VcsFileItem.h" />
		<Unit filename="VcsFileOp.h" />
		<Unit filename="VcsProject.cpp" />
		<Unit filename="VcsProject.h" />
		<Unit filename="VcsTreeItem.cpp" />
		<Unit filename="VcsTreeItem.h" />
		<Unit filename="cbvcs.cpp" />
		<Unit filename="cbvcs.h" />
		<Unit filename="copyprotector.h" />
		<Unit filename="git.cpp" />
		<Unit filename="git.h" />
		<Unit filename="manifest.xml" />
		<Unit filename="treeitemvector.cpp" />
		<Unit filename="treeitemvector.h" />
		<Unit filename="vcsfactory.cpp" />
		<Unit filename="vcsfactory.h" />
		<Unit filename="vcsprojecttracker.cpp" />
		<Unit filename="vcsprojecttracker.h" />
		<Unit filename="wxsmith/CommitMsgDialog.wxs" />
		<Extensions>
			<code_completion />
			<debugger />
			<envvars />
			<wxsmith version="1">
				<resources>
					<wxScrollingDialog wxs="wxsmith/CommitMsgDialog.wxs" src="CommitMsgDialog.cpp" hdr="CommitMsgDialog.h" fwddecl="0" i18n="1" name="CommitMsgDialog" language="CPP" />
				</resources>
			</wxsmith>
		</Extensions>
	</Project>
</CodeBlocks_project_file>
